
Microsoft Visual Studio Solution File, Format Version 12.00
# Visual Studio 15
VisualStudioVersion = 15.0.28307.645
MinimumVisualStudioVersion = 10.0.40219.1
Project("{FAE04EC0-301F-11D3-BF4B-00C04F79EFBC}") = "TestSqlScript", "TestSqlScript\TestSqlScript.csproj", "{23CC7BCF-301A-492A-8B2D-43BE0041A45F}"
EndProject
Global
	GlobalSection(SolutionConfigurationPlatforms) = preSolution
		Debug|Any CPU = Debug|Any CPU
		Release|Any CPU = Release|Any CPU
	EndGlobalSection
	GlobalSection(ProjectConfigurationPlatforms) = postSolution
		{23CC7BCF-301A-492A-8B2D-43BE0041A45F}.Debug|Any CPU.ActiveCfg = Debug|Any CPU
		{23CC7BCF-301A-492A-8B2D-43BE0041A45F}.Debug|Any CPU.Build.0 = Debug|Any CPU
		{23CC7BCF-301A-492A-8B2D-43BE0041A45F}.Release|Any CPU.ActiveCfg = Release|Any CPU
		{23CC7BCF-301A-492A-8B2D-43BE0041A45F}.Release|Any CPU.Build.0 = Release|Any CPU
	EndGlobalSection
	GlobalSection(SolutionProperties) = preSolution
		HideSolutionNode = FALSE
	EndGlobalSection
	GlobalSection(ExtensibilityGlobals) = postSolution
		SolutionGuid = {456F81EF-FDEE-4F55-9162-11C91EFBC2A5}
	EndGlobalSection
EndGlobal
