
Microsoft Visual Studio Solution File, Format Version 12.00
# Visual Studio 2013
VisualStudioVersion = 12.0.31101.0
MinimumVisualStudioVersion = 10.0.40219.1
Project("{FAE04EC0-301F-11D3-BF4B-00C04F79EFBC}") = "SerilogPoc", "SerilogPoc\SerilogPoc.csproj", "{70966983-91E6-4D89-A1B9-C8B9E5CB3B65}"
EndProject
Project("{FAE04EC0-301F-11D3-BF4B-00C04F79EFBC}") = "NLogPoc", "NLogPoc\NLogPoc.csproj", "{2AD3F218-B5F6-455C-880E-AB0FFDB0716E}"
EndProject
Project("{FAE04EC0-301F-11D3-BF4B-00C04F79EFBC}") = "Log4netPoc", "Log4netPoc\Log4netPoc.csproj", "{01A4F58E-D490-4FD8-BC3E-9EAFF165BA75}"
EndProject
Global
	GlobalSection(SolutionConfigurationPlatforms) = preSolution
		Debug|Any CPU = Debug|Any CPU
		Release|Any CPU = Release|Any CPU
	EndGlobalSection
	GlobalSection(ProjectConfigurationPlatforms) = postSolution
		{70966983-91E6-4D89-A1B9-C8B9E5CB3B65}.Debug|Any CPU.ActiveCfg = Debug|Any CPU
		{70966983-91E6-4D89-A1B9-C8B9E5CB3B65}.Debug|Any CPU.Build.0 = Debug|Any CPU
		{70966983-91E6-4D89-A1B9-C8B9E5CB3B65}.Release|Any CPU.ActiveCfg = Release|Any CPU
		{70966983-91E6-4D89-A1B9-C8B9E5CB3B65}.Release|Any CPU.Build.0 = Release|Any CPU
		{2AD3F218-B5F6-455C-880E-AB0FFDB0716E}.Debug|Any CPU.ActiveCfg = Debug|Any CPU
		{2AD3F218-B5F6-455C-880E-AB0FFDB0716E}.Debug|Any CPU.Build.0 = Debug|Any CPU
		{2AD3F218-B5F6-455C-880E-AB0FFDB0716E}.Release|Any CPU.ActiveCfg = Release|Any CPU
		{2AD3F218-B5F6-455C-880E-AB0FFDB0716E}.Release|Any CPU.Build.0 = Release|Any CPU
		{01A4F58E-D490-4FD8-BC3E-9EAFF165BA75}.Debug|Any CPU.ActiveCfg = Debug|Any CPU
		{01A4F58E-D490-4FD8-BC3E-9EAFF165BA75}.Debug|Any CPU.Build.0 = Debug|Any CPU
		{01A4F58E-D490-4FD8-BC3E-9EAFF165BA75}.Release|Any CPU.ActiveCfg = Release|Any CPU
		{01A4F58E-D490-4FD8-BC3E-9EAFF165BA75}.Release|Any CPU.Build.0 = Release|Any CPU
	EndGlobalSection
	GlobalSection(SolutionProperties) = preSolution
		HideSolutionNode = FALSE
	EndGlobalSection
EndGlobal
