
Microsoft Visual Studio Solution File, Format Version 12.00
# Visual Studio 14
VisualStudioVersion = 14.0.25420.1
MinimumVisualStudioVersion = 10.0.40219.1
Project("{FAE04EC0-301F-11D3-BF4B-00C04F79EFBC}") = "KeyEngine", "KeyEngine\KeyEngine.csproj", "{C2B6FA22-FAEA-410D-A2CA-D67BE40A5783}"
EndProject
Project("{FAE04EC0-301F-11D3-BF4B-00C04F79EFBC}") = "KeyGenerator", "KeyGenerator\KeyGenerator.csproj", "{4863017C-371F-4DFE-BED5-3D57DFA5B054}"
EndProject
Project("{FAE04EC0-301F-11D3-BF4B-00C04F79EFBC}") = "KeyReader", "KeyReader\KeyReader.csproj", "{9165C280-BDE1-4401-8B9B-318C65774531}"
EndProject
Project("{FAE04EC0-301F-11D3-BF4B-00C04F79EFBC}") = "KeyValidatorUnitTestProject", "KeyValidatorUnitTestProject\KeyValidatorUnitTestProject.csproj", "{29DABC5C-42F4-401B-A092-07B81CA25B9B}"
EndProject
Global
	GlobalSection(SolutionConfigurationPlatforms) = preSolution
		Debug|Any CPU = Debug|Any CPU
		Release|Any CPU = Release|Any CPU
	EndGlobalSection
	GlobalSection(ProjectConfigurationPlatforms) = postSolution
		{C2B6FA22-FAEA-410D-A2CA-D67BE40A5783}.Debug|Any CPU.ActiveCfg = Debug|Any CPU
		{C2B6FA22-FAEA-410D-A2CA-D67BE40A5783}.Debug|Any CPU.Build.0 = Debug|Any CPU
		{C2B6FA22-FAEA-410D-A2CA-D67BE40A5783}.Release|Any CPU.ActiveCfg = Release|Any CPU
		{C2B6FA22-FAEA-410D-A2CA-D67BE40A5783}.Release|Any CPU.Build.0 = Release|Any CPU
		{4863017C-371F-4DFE-BED5-3D57DFA5B054}.Debug|Any CPU.ActiveCfg = Debug|Any CPU
		{4863017C-371F-4DFE-BED5-3D57DFA5B054}.Debug|Any CPU.Build.0 = Debug|Any CPU
		{4863017C-371F-4DFE-BED5-3D57DFA5B054}.Release|Any CPU.ActiveCfg = Release|Any CPU
		{4863017C-371F-4DFE-BED5-3D57DFA5B054}.Release|Any CPU.Build.0 = Release|Any CPU
		{9165C280-BDE1-4401-8B9B-318C65774531}.Debug|Any CPU.ActiveCfg = Debug|Any CPU
		{9165C280-BDE1-4401-8B9B-318C65774531}.Debug|Any CPU.Build.0 = Debug|Any CPU
		{9165C280-BDE1-4401-8B9B-318C65774531}.Release|Any CPU.ActiveCfg = Release|Any CPU
		{9165C280-BDE1-4401-8B9B-318C65774531}.Release|Any CPU.Build.0 = Release|Any CPU
		{29DABC5C-42F4-401B-A092-07B81CA25B9B}.Debug|Any CPU.ActiveCfg = Debug|Any CPU
		{29DABC5C-42F4-401B-A092-07B81CA25B9B}.Debug|Any CPU.Build.0 = Debug|Any CPU
		{29DABC5C-42F4-401B-A092-07B81CA25B9B}.Release|Any CPU.ActiveCfg = Release|Any CPU
		{29DABC5C-42F4-401B-A092-07B81CA25B9B}.Release|Any CPU.Build.0 = Release|Any CPU
	EndGlobalSection
	GlobalSection(SolutionProperties) = preSolution
		HideSolutionNode = FALSE
	EndGlobalSection
EndGlobal
