
Microsoft Visual Studio Solution File, Format Version 12.00
# Visual Studio 2013
VisualStudioVersion = 12.0.31101.0
MinimumVisualStudioVersion = 10.0.40219.1
Project("{FAE04EC0-301F-11D3-BF4B-00C04F79EFBC}") = "WebApiUploadFiles", "WebApiUploadFiles\WebApiUploadFiles.csproj", "{BC1F05A8-7C7D-4816-A1F4-A0F53B853849}"
EndProject
Project("{FAE04EC0-301F-11D3-BF4B-00C04F79EFBC}") = "ClientUploaderConsole", "ClientUploaderConsole\ClientUploaderConsole.csproj", "{36E31716-8C52-422B-B512-B5F25A70EEF5}"
EndProject
Global
	GlobalSection(SolutionConfigurationPlatforms) = preSolution
		Debug|Any CPU = Debug|Any CPU
		Release|Any CPU = Release|Any CPU
	EndGlobalSection
	GlobalSection(ProjectConfigurationPlatforms) = postSolution
		{BC1F05A8-7C7D-4816-A1F4-A0F53B853849}.Debug|Any CPU.ActiveCfg = Debug|Any CPU
		{BC1F05A8-7C7D-4816-A1F4-A0F53B853849}.Debug|Any CPU.Build.0 = Debug|Any CPU
		{BC1F05A8-7C7D-4816-A1F4-A0F53B853849}.Release|Any CPU.ActiveCfg = Release|Any CPU
		{BC1F05A8-7C7D-4816-A1F4-A0F53B853849}.Release|Any CPU.Build.0 = Release|Any CPU
		{36E31716-8C52-422B-B512-B5F25A70EEF5}.Debug|Any CPU.ActiveCfg = Debug|Any CPU
		{36E31716-8C52-422B-B512-B5F25A70EEF5}.Debug|Any CPU.Build.0 = Debug|Any CPU
		{36E31716-8C52-422B-B512-B5F25A70EEF5}.Release|Any CPU.ActiveCfg = Release|Any CPU
		{36E31716-8C52-422B-B512-B5F25A70EEF5}.Release|Any CPU.Build.0 = Release|Any CPU
	EndGlobalSection
	GlobalSection(SolutionProperties) = preSolution
		HideSolutionNode = FALSE
	EndGlobalSection
EndGlobal
